
Microsoft Visual Studio Solution File, Format Version 12.00
# Visual Studio 15
VisualStudioVersion = 15.0.27703.2047
MinimumVisualStudioVersion = 10.0.40219.1
Project("{FAE04EC0-301F-11D3-BF4B-00C04F79EFBC}") = "FooDocker", "FooDocker\FooDocker.csproj", "{E90E0928-2002-4AA7-B239-EF08A79CFDEB}"
EndProject
Project("{E53339B2-1760-4266-BCC7-CA923CBCF16C}") = "docker-compose", "docker-compose.dcproj", "{78A0895B-9121-4EB8-B2E1-447306D0815B}"
EndProject
Global
	GlobalSection(SolutionConfigurationPlatforms) = preSolution
		Debug|Any CPU = Debug|Any CPU
		Release|Any CPU = Release|Any CPU
	EndGlobalSection
	GlobalSection(ProjectConfigurationPlatforms) = postSolution
		{E90E0928-2002-4AA7-B239-EF08A79CFDEB}.Debug|Any CPU.ActiveCfg = Debug|Any CPU
		{E90E0928-2002-4AA7-B239-EF08A79CFDEB}.Debug|Any CPU.Build.0 = Debug|Any CPU
		{E90E0928-2002-4AA7-B239-EF08A79CFDEB}.Release|Any CPU.ActiveCfg = Release|Any CPU
		{E90E0928-2002-4AA7-B239-EF08A79CFDEB}.Release|Any CPU.Build.0 = Release|Any CPU
		{78A0895B-9121-4EB8-B2E1-447306D0815B}.Debug|Any CPU.ActiveCfg = Debug|Any CPU
		{78A0895B-9121-4EB8-B2E1-447306D0815B}.Debug|Any CPU.Build.0 = Debug|Any CPU
		{78A0895B-9121-4EB8-B2E1-447306D0815B}.Release|Any CPU.ActiveCfg = Release|Any CPU
		{78A0895B-9121-4EB8-B2E1-447306D0815B}.Release|Any CPU.Build.0 = Release|Any CPU
	EndGlobalSection
	GlobalSection(SolutionProperties) = preSolution
		HideSolutionNode = FALSE
	EndGlobalSection
	GlobalSection(ExtensibilityGlobals) = postSolution
		SolutionGuid = {EE68E785-0216-4BEB-973D-B8E5AD8CC232}
	EndGlobalSection
EndGlobal
